
Microsoft Visual Studio Solution File, Format Version 12.00
# Visual Studio Version 16
VisualStudioVersion = 16.0.30804.86
MinimumVisualStudioVersion = 10.0.40219.1
Project("{FAE04EC0-301F-11D3-BF4B-00C04F79EFBC}") = "Número_a_literal", "Número_a_literal\Número_a_literal.csproj", "{C44B2DE4-88BF-44F6-AEB4-2CA0AD38F1AA}"
EndProject
Project("{FAE04EC0-301F-11D3-BF4B-00C04F79EFBC}") = "UnitTestNúmero_a_Literal", "UnitTestNúmero_a_Literal\UnitTestNúmero_a_Literal.csproj", "{0C81A6BD-B96E-43A1-9EAF-C9809D4C1DAA}"
EndProject
Global
	GlobalSection(SolutionConfigurationPlatforms) = preSolution
		Debug|Any CPU = Debug|Any CPU
		Release|Any CPU = Release|Any CPU
	EndGlobalSection
	GlobalSection(ProjectConfigurationPlatforms) = postSolution
		{C44B2DE4-88BF-44F6-AEB4-2CA0AD38F1AA}.Debug|Any CPU.ActiveCfg = Debug|Any CPU
		{C44B2DE4-88BF-44F6-AEB4-2CA0AD38F1AA}.Debug|Any CPU.Build.0 = Debug|Any CPU
		{C44B2DE4-88BF-44F6-AEB4-2CA0AD38F1AA}.Release|Any CPU.ActiveCfg = Release|Any CPU
		{C44B2DE4-88BF-44F6-AEB4-2CA0AD38F1AA}.Release|Any CPU.Build.0 = Release|Any CPU
		{0C81A6BD-B96E-43A1-9EAF-C9809D4C1DAA}.Debug|Any CPU.ActiveCfg = Debug|Any CPU
		{0C81A6BD-B96E-43A1-9EAF-C9809D4C1DAA}.Debug|Any CPU.Build.0 = Debug|Any CPU
		{0C81A6BD-B96E-43A1-9EAF-C9809D4C1DAA}.Release|Any CPU.ActiveCfg = Release|Any CPU
		{0C81A6BD-B96E-43A1-9EAF-C9809D4C1DAA}.Release|Any CPU.Build.0 = Release|Any CPU
	EndGlobalSection
	GlobalSection(SolutionProperties) = preSolution
		HideSolutionNode = FALSE
	EndGlobalSection
	GlobalSection(ExtensibilityGlobals) = postSolution
		SolutionGuid = {D0615789-7C0B-4861-98CA-58FA4E5AAD96}
	EndGlobalSection
EndGlobal
